PODS:
  - Amplify (1.28.0):
    - Amplify/Default (= 1.28.0)
  - Amplify/Default (1.28.0)
  - amplify_api_ios (0.0.1):
    - Amplify (= 1.28.0)
    - amplify_core
    - AmplifyPlugins/AWSAPIPlugin (= 1.28.0)
    - Flutter
    - SwiftFormat/CLI
    - SwiftLint
  - amplify_auth_cognito_ios (0.0.1):
    - Amplify (= 1.28.0)
    - amplify_core
    - AmplifyPlugins/AWSCognitoAuthPlugin (= 1.28.0)
    - Flutter
    - ObjectMapper
  - amplify_core (0.0.1):
    - Flutter
    - SwiftFormat/CLI
    - SwiftLint
  - amplify_flutter_ios (0.0.1):
    - Amplify (= 1.28.0)
    - amplify_core
    - AmplifyPlugins/AWSCognitoAuthPlugin (= 1.28.0)
    - AWSPluginsCore (= 1.28.0)
    - Flutter
    - SwiftFormat/CLI
    - SwiftLint
  - amplify_storage_s3_ios (0.0.1):
    - Amplify (= 1.28.0)
    - amplify_core
    - AmplifyPlugins/AWSS3StoragePlugin (= 1.28.0)
    - Flutter
  - AmplifyPlugins/AWSAPIPlugin (1.28.0):
    - AppSyncRealTimeClient (~> 2.0)
    - AWSCore (~> 2.27.0)
    - AWSPluginsCore (= 1.28.0)
  - AmplifyPlugins/AWSCognitoAuthPlugin (1.28.0):
    - AWSAuthCore (~> 2.27.0)
    - AWSCognitoIdentityProvider (~> 2.27.0)
    - AWSCognitoIdentityProviderASF (~> 2.27.0)
    - AWSCore (~> 2.27.0)
    - AWSMobileClient (~> 2.27.0)
    - AWSPluginsCore (= 1.28.0)
  - AmplifyPlugins/AWSS3StoragePlugin (1.28.0):
    - AWSCore (~> 2.27.0)
    - AWSPluginsCore (= 1.28.0)
    - AWSS3 (~> 2.27.0)
  - AppSyncRealTimeClient (2.1.1):
    - Starscream (~> 4.0.4)
  - AWSAuthCore (2.27.13):
    - AWSCore (= 2.27.13)
  - AWSCognitoIdentityProvider (2.27.13):
    - AWSCognitoIdentityProviderASF (= 2.27.13)
    - AWSCore (= 2.27.13)
  - AWSCognitoIdentityProviderASF (2.27.13):
    - AWSCore (= 2.27.13)
  - AWSCore (2.27.13)
  - AWSMobileClient (2.27.13):
    - AWSAuthCore (= 2.27.13)
    - AWSCognitoIdentityProvider (= 2.27.13)
    - AWSCognitoIdentityProviderASF (= 2.27.13)
    - AWSCore (= 2.27.13)
  - AWSPluginsCore (1.28.0):
    - Amplify (= 1.28.0)
    - AWSCore (~> 2.27.0)
  - AWSS3 (2.27.13):
    - AWSCore (= 2.27.13)
  - connectivity_plus (0.0.1):
    - Flutter
    - ReachabilitySwift
  - DKImagePickerController/Core (4.3.4):
    - DKImagePickerController/ImageDataManager
    - DKImagePickerController/Resource
  - DKImagePickerController/ImageDataManager (4.3.4)
  - DKImagePickerController/PhotoGallery (4.3.4):
    - DKImagePickerController/Core
    - DKPhotoGallery
  - DKImagePickerController/Resource (4.3.4)
  - DKPhotoGallery (0.0.17):
    - DKPhotoGallery/Core (= 0.0.17)
    - DKPhotoGallery/Model (= 0.0.17)
    - DKPhotoGallery/Preview (= 0.0.17)
    - DKPhotoGallery/Resource (= 0.0.17)
    - SDWebImage
    - SwiftyGif
  - DKPhotoGallery/Core (0.0.17):
    - DKPhotoGallery/Model
    - DKPhotoGallery/Preview
    - SDWebImage
    - SwiftyGif
  - DKPhotoGallery/Model (0.0.17):
    - SDWebImage
    - SwiftyGif
  - DKPhotoGallery/Preview (0.0.17):
    - DKPhotoGallery/Model
    - DKPhotoGallery/Resource
    - SDWebImage
    - SwiftyGif
  - DKPhotoGallery/Resource (0.0.17):
    - SDWebImage
    - SwiftyGif
  - file_picker (0.0.1):
    - DKImagePickerController/PhotoGallery
    - Flutter
  - Flutter (1.0.0)
  - flutter_downloader (0.0.1):
    - Flutter
  - flutter_native_splash (0.0.1):
    - Flutter
  - flutter_sms (1.1.0):
    - Flutter
  - google_maps_flutter_ios (0.0.1):
    - Flutter
    - GoogleMaps
  - GoogleMaps (7.0.0):
    - GoogleMaps/Maps (= 7.0.0)
  - GoogleMaps/Base (7.0.0)
  - GoogleMaps/Maps (7.0.0):
    - GoogleMaps/Base
  - image_picker_ios (0.0.1):
    - Flutter
  - location (0.0.1):
    - Flutter
  - map_launcher (0.0.1):
    - Flutter
  - ObjectMapper (4.2.0)
  - path_provider_ios (0.0.1):
    - Flutter
  - permission_handler_apple (9.0.4):
    - Flutter
  - ReachabilitySwift (5.0.0)
  - SDWebImage (5.13.2):
    - SDWebImage/Core (= 5.13.2)
  - SDWebImage/Core (5.13.2)
  - shared_preferences_ios (0.0.1):
    - Flutter
  - Starscream (4.0.4)
  - SwiftFormat/CLI (0.49.17)
  - SwiftLint (0.48.0)
  - SwiftyGif (5.4.3)
  - url_launcher_ios (0.0.1):
    - Flutter
  - video_player_avfoundation (0.0.1):
    - Flutter
  - workmanager (0.0.1):
    - Flutter

DEPENDENCIES:
  - amplify_api_ios (from `.symlinks/plugins/amplify_api_ios/ios`)
  - amplify_auth_cognito_ios (from `.symlinks/plugins/amplify_auth_cognito_ios/ios`)
  - amplify_core (from `.symlinks/plugins/amplify_core/ios`)
  - amplify_flutter_ios (from `.symlinks/plugins/amplify_flutter_ios/ios`)
  - amplify_storage_s3_ios (from `.symlinks/plugins/amplify_storage_s3_ios/ios`)
  - connectivity_plus (from `.symlinks/plugins/connectivity_plus/ios`)
  - file_picker (from `.symlinks/plugins/file_picker/ios`)
  - Flutter (from `Flutter`)
  - flutter_downloader (from `.symlinks/plugins/flutter_downloader/ios`)
  - flutter_native_splash (from `.symlinks/plugins/flutter_native_splash/ios`)
  - flutter_sms (from `.symlinks/plugins/flutter_sms/ios`)
  - google_maps_flutter_ios (from `.symlinks/plugins/google_maps_flutter_ios/ios`)
  - image_picker_ios (from `.symlinks/plugins/image_picker_ios/ios`)
  - location (from `.symlinks/plugins/location/ios`)
  - map_launcher (from `.symlinks/plugins/map_launcher/ios`)
  - path_provider_ios (from `.symlinks/plugins/path_provider_ios/ios`)
  - permission_handler_apple (from `.symlinks/plugins/permission_handler_apple/ios`)
  - shared_preferences_ios (from `.symlinks/plugins/shared_preferences_ios/ios`)
  - url_launcher_ios (from `.symlinks/plugins/url_launcher_ios/ios`)
  - video_player_avfoundation (from `.symlinks/plugins/video_player_avfoundation/ios`)
  - workmanager (from `.symlinks/plugins/workmanager/ios`)

SPEC REPOS:
  trunk:
    - Amplify
    - AmplifyPlugins
    - AppSyncRealTimeClient
    - AWSAuthCore
    - AWSCognitoIdentityProvider
    - AWSCognitoIdentityProviderASF
    - AWSCore
    - AWSMobileClient
    - AWSPluginsCore
    - AWSS3
    - DKImagePickerController
    - DKPhotoGallery
    - GoogleMaps
    - ObjectMapper
    - ReachabilitySwift
    - SDWebImage
    - Starscream
    - SwiftFormat
    - SwiftLint
    - SwiftyGif

EXTERNAL SOURCES:
  amplify_api_ios:
    :path: ".symlinks/plugins/amplify_api_ios/ios"
  amplify_auth_cognito_ios:
    :path: ".symlinks/plugins/amplify_auth_cognito_ios/ios"
  amplify_core:
    :path: ".symlinks/plugins/amplify_core/ios"
  amplify_flutter_ios:
    :path: ".symlinks/plugins/amplify_flutter_ios/ios"
  amplify_storage_s3_ios:
    :path: ".symlinks/plugins/amplify_storage_s3_ios/ios"
  connectivity_plus:
    :path: ".symlinks/plugins/connectivity_plus/ios"
  file_picker:
    :path: ".symlinks/plugins/file_picker/ios"
  Flutter:
    :path: Flutter
  flutter_downloader:
    :path: ".symlinks/plugins/flutter_downloader/ios"
  flutter_native_splash:
    :path: ".symlinks/plugins/flutter_native_splash/ios"
  flutter_sms:
    :path: ".symlinks/plugins/flutter_sms/ios"
  google_maps_flutter_ios:
    :path: ".symlinks/plugins/google_maps_flutter_ios/ios"
  image_picker_ios:
    :path: ".symlinks/plugins/image_picker_ios/ios"
  location:
    :path: ".symlinks/plugins/location/ios"
  map_launcher:
    :path: ".symlinks/plugins/map_launcher/ios"
  path_provider_ios:
    :path: ".symlinks/plugins/path_provider_ios/ios"
  permission_handler_apple:
    :path: ".symlinks/plugins/permission_handler_apple/ios"
  shared_preferences_ios:
    :path: ".symlinks/plugins/shared_preferences_ios/ios"
  url_launcher_ios:
    :path: ".symlinks/plugins/url_launcher_ios/ios"
  video_player_avfoundation:
    :path: ".symlinks/plugins/video_player_avfoundation/ios"
  workmanager:
    :path: ".symlinks/plugins/workmanager/ios"

SPEC CHECKSUMS:
  Amplify: dfa12fad1609b1388d0b2fb6f99b3140cd942d09
  amplify_api_ios: 69ba9f6eb6097c99ce26d3d3047607d72078f50f
  amplify_auth_cognito_ios: a2a37adcedf38b8b3e5a2b564ff0432d875654ad
  amplify_core: e67fe0c53845db08aced670bfc7370b1329d2798
  amplify_flutter_ios: c6c8baa4e1f89073458acbad13c46acaf9fd97ed
  amplify_storage_s3_ios: e2f56398531a6355e7350a2b7c4c621ba5279d05
  AmplifyPlugins: 1bac66d0349fa307008f6f7711b09d0f80e78c30
  AppSyncRealTimeClient: 937360221f2b664c4c33ae142a60643e64f480cd
  AWSAuthCore: 9898614783bd6375742b58a1df38c6a8b8276eda
  AWSCognitoIdentityProvider: c105df15533a029230c325acd2be60ff45e8f3f9
  AWSCognitoIdentityProviderASF: e0f40ef2f5c2c357b77553144e8f41a6c0b0b81b
  AWSCore: 05edadb5f3d0b92a50ea8c66b06f1a10477878da
  AWSMobileClient: a49361347ff5c0cff946b3f777936c0fdf9c190d
  AWSPluginsCore: 7f0f984d787a4fe79d3d52c3d34e1779d1fc9bb8
  AWSS3: 0ce6101e04b1c8a72eec165155e2f1da43d7229b
  connectivity_plus: 413a8857dd5d9f1c399a39130850d02fe0feaf7e
  DKImagePickerController: b512c28220a2b8ac7419f21c491fc8534b7601ac
  DKPhotoGallery: fdfad5125a9fdda9cc57df834d49df790dbb4179
  file_picker: 817ab1d8cd2da9d2da412a417162deee3500fc95
  Flutter: 50d75fe2f02b26cc09d224853bb45737f8b3214a
  flutter_downloader: b7301ae057deadd4b1650dc7c05375f10ff12c39
  flutter_native_splash: 52501b97d1c0a5f898d687f1646226c1f93c56ef
  flutter_sms: 91ce41530f55c85d6524d82307a5d555844c086a
  google_maps_flutter_ios: 66201f392bf62d500f07670a30488a247b9bb5b9
  GoogleMaps: 6e9c923ca035989709fcb5771544fda4cc5fa2a4
  image_picker_ios: b786a5dcf033a8336a657191401bfdf12017dabb
  location: 3a2eed4dd2fab25e7b7baf2a9efefe82b512d740
  map_launcher: e325db1261d029ff33e08e03baccffe09593ffea
  ObjectMapper: 1eb41f610210777375fa806bf161dc39fb832b81
  path_provider_ios: 14f3d2fd28c4fdb42f44e0f751d12861c43cee02
  permission_handler_apple: 44366e37eaf29454a1e7b1b7d736c2cceaeb17ce
  ReachabilitySwift: 985039c6f7b23a1da463388634119492ff86c825
  SDWebImage: 72f86271a6f3139cc7e4a89220946489d4b9a866
  shared_preferences_ios: 548a61f8053b9b8a49ac19c1ffbc8b92c50d68ad
  Starscream: 5178aed56b316f13fa3bc55694e583d35dd414d9
  SwiftFormat: 64ac3f15bbfc3c830103a17340bcc5b60d9a3acd
  SwiftLint: 284cea64b6187c5d6bd83e9a548a64104d546447
  SwiftyGif: 6c3eafd0ce693cad58bb63d2b2fb9bacb8552780
  url_launcher_ios: 839c58cdb4279282219f5e248c3321761ff3c4de
  video_player_avfoundation: e489aac24ef5cf7af82702979ed16f2a5ef84cff
  workmanager: 0afdcf5628bbde6924c21af7836fed07b42e30e6

PODFILE CHECKSUM: cc1f88378b4bfcf93a6ce00d2c587857c6008d3b

COCOAPODS: 1.11.3
